// !$*UTF8*$!
{
	archiveVersion = 1;
	classes = {
	};
	objectVersion = 46;
	objects = {

/* Begin PBXBuildFile section */
		7D1323F51CE5616100440F4F /* CVWrapper.mm in Sources */ = {isa = PBXBuildFile; fileRef = 7D1323F41CE5616100440F4F /* CVWrapper.mm */; };
		7D1323F81CE561C900440F4F /* UIImage+OpenCV.mm in Sources */ = {isa = PBXBuildFile; fileRef = 7D1323F71CE561C900440F4F /* UIImage+OpenCV.mm */; };
		7D1323FB1CE5651100440F4F /* stitching.cpp in Sources */ = {isa = PBXBuildFile; fileRef = 7D1323F91CE5651100440F4F /* stitching.cpp */; };
		7D1323FE1CE56BAC00440F4F /* AVFoundation.framework in Frameworks */ = {isa = PBXBuildFile; fileRef = 7D1323FD1CE56BAC00440F4F /* AVFoundation.framework */; };
		7D1324001CE56BC300440F4F /* CoreMedia.framework in Frameworks */ = {isa = PBXBuildFile; fileRef = 7D1323FF1CE56BC300440F4F /* CoreMedia.framework */; };
		7D1324021CE56BCE00440F4F /* CoreVideo.framework in Frameworks */ = {isa = PBXBuildFile; fileRef = 7D1324011CE56BCE00440F4F /* CoreVideo.framework */; };
		7D1324041CE56BD800440F4F /* ImageIO.framework in Frameworks */ = {isa = PBXBuildFile; fileRef = 7D1324031CE56BD800440F4F /* ImageIO.framework */; };
		7D1324061CE56CA400440F4F /* opencv2.framework in Frameworks */ = {isa = PBXBuildFile; fileRef = 7D1324051CE56CA400440F4F /* opencv2.framework */; };
		7D1324091CE56ED300440F4F /* UIKit.framework in Frameworks */ = {isa = PBXBuildFile; fileRef = 7D1324081CE56ED300440F4F /* UIKit.framework */; };
		7D13240B1CE56EF600440F4F /* Foundation.framework in Frameworks */ = {isa = PBXBuildFile; fileRef = 7D13240A1CE56EF600440F4F /* Foundation.framework */; };
		7D13240D1CE56F0500440F4F /* CoreGraphics.framework in Frameworks */ = {isa = PBXBuildFile; fileRef = 7D13240C1CE56F0500440F4F /* CoreGraphics.framework */; };
		7D2622C71CEF825B008E0F39 /* IMG_0040.JPG in Resources */ = {isa = PBXBuildFile; fileRef = 7D2622C61CEF825B008E0F39 /* IMG_0040.JPG */; };
		7D2622CD1CEF95BB008E0F39 /* analysisViewController.m in Sources */ = {isa = PBXBuildFile; fileRef = 7D2622CC1CEF95BB008E0F39 /* analysisViewController.m */; };
		7D2622D31CEFCE51008E0F39 /* Swale.m in Sources */ = {isa = PBXBuildFile; fileRef = 7D2622D21CEFCE51008E0F39 /* Swale.m */; };
		7D2F302A1D1B20C9007A9D1A /* dropDownTest.m in Sources */ = {isa = PBXBuildFile; fileRef = 7D2F30291D1B20C9007A9D1A /* dropDownTest.m */; };
		7D2F30301D1DD7FB007A9D1A /* savedLocations.m in Sources */ = {isa = PBXBuildFile; fileRef = 7D2F302F1D1DD7FB007A9D1A /* savedLocations.m */; };
		7D2F30331D1DD83C007A9D1A /* HSVLocation.m in Sources */ = {isa = PBXBuildFile; fileRef = 7D2F30321D1DD83C007A9D1A /* HSVLocation.m */; };
		7D47450C1CED352500CDA2A7 /* IMG_0030.jpg in Resources */ = {isa = PBXBuildFile; fileRef = 7D47450B1CED352500CDA2A7 /* IMG_0030.jpg */; };
		7D58FCD21CFD0D8D006E5A38 /* PermeablePaver.m in Sources */ = {isa = PBXBuildFile; fileRef = 7D58FCD11CFD0D8D006E5A38 /* PermeablePaver.m */; };
		7D73F7871D2B1D1700A70B41 /* saveColors.m in Sources */ = {isa = PBXBuildFile; fileRef = 7D73F7861D2B1D1700A70B41 /* saveColors.m */; };
		7D7835261CE1BBC0003CB313 /* Main.storyboard in Resources */ = {isa = PBXBuildFile; fileRef = 7D7835251CE1BBC0003CB313 /* Main.storyboard */; };
		7D7D81F61CC53FF6004D8BC2 /* main.m in Sources */ = {isa = PBXBuildFile; fileRef = 7D7D81F51CC53FF6004D8BC2 /* main.m */; };
		7D7D81F91CC53FF6004D8BC2 /* AppDelegate.m in Sources */ = {isa = PBXBuildFile; fileRef = 7D7D81F81CC53FF6004D8BC2 /* AppDelegate.m */; };
		7D7D81FC1CC53FF6004D8BC2 /* ViewController.m in Sources */ = {isa = PBXBuildFile; fileRef = 7D7D81FB1CC53FF6004D8BC2 /* ViewController.m */; };
		7D7D82021CC53FF6004D8BC2 /* Trial_1.xcdatamodeld in Sources */ = {isa = PBXBuildFile; fileRef = 7D7D82001CC53FF6004D8BC2 /* Trial_1.xcdatamodeld */; };
		7D7D82041CC53FF6004D8BC2 /* Assets.xcassets in Resources */ = {isa = PBXBuildFile; fileRef = 7D7D82031CC53FF6004D8BC2 /* Assets.xcassets */; };
		7D7D82071CC53FF6004D8BC2 /* LaunchScreen.storyboard in Resources */ = {isa = PBXBuildFile; fileRef = 7D7D82051CC53FF6004D8BC2 /* LaunchScreen.storyboard */; };
		7D7D82121CC53FF6004D8BC2 /* Trial_1Tests.m in Sources */ = {isa = PBXBuildFile; fileRef = 7D7D82111CC53FF6004D8BC2 /* Trial_1Tests.m */; };
		7D7D821D1CC53FF6004D8BC2 /* Trial_1UITests.m in Sources */ = {isa = PBXBuildFile; fileRef = 7D7D821C1CC53FF6004D8BC2 /* Trial_1UITests.m */; };
		7DAFB4EC1CFDE28F00AC4204 /* RainBarrel.m in Sources */ = {isa = PBXBuildFile; fileRef = 7DAFB4EB1CFDE28F00AC4204 /* RainBarrel.m */; };
		7DC34F561CEA95900069C04F /* IMG_0001.jpg in Resources */ = {isa = PBXBuildFile; fileRef = 7DC34F551CEA95900069C04F /* IMG_0001.jpg */; };
		7DC3E6B71CF9073500D0FCC0 /* GreenRoof.m in Sources */ = {isa = PBXBuildFile; fileRef = 7DC3E6B61CF9073500D0FCC0 /* GreenRoof.m */; };
		7DE7EEB81D00C1AF00724596 /* Coordinate.m in Sources */ = {isa = PBXBuildFile; fileRef = 7DE7EEB71D00C1AF00724596 /* Coordinate.m */; };
		7DFCA6151CE52BF8003262CC /* loginViewController.m in Sources */ = {isa = PBXBuildFile; fileRef = 7DFCA6141CE52BF8003262CC /* loginViewController.m */; };
		7DFCA6181CE53D85003262CC /* takeAPictureViewController.m in Sources */ = {isa = PBXBuildFile; fileRef = 7DFCA6171CE53D85003262CC /* takeAPictureViewController.m */; };
/* End PBXBuildFile section */

/* Begin PBXContainerItemProxy section */
		7D7D820E1CC53FF6004D8BC2 /* PBXContainerItemProxy */ = {
			isa = PBXContainerItemProxy;
			containerPortal = 7D7D81E91CC53FF6004D8BC2 /* Project object */;
			proxyType = 1;
			remoteGlobalIDString = 7D7D81F01CC53FF6004D8BC2;
			remoteInfo = Trial_1;
		};
		7D7D82191CC53FF6004D8BC2 /* PBXContainerItemProxy */ = {
			isa = PBXContainerItemProxy;
			containerPortal = 7D7D81E91CC53FF6004D8BC2 /* Project object */;
			proxyType = 1;
			remoteGlobalIDString = 7D7D81F01CC53FF6004D8BC2;
			remoteInfo = Trial_1;
		};
/* End PBXContainerItemProxy section */

/* Begin PBXFileReference section */
		7D1323F31CE5616100440F4F /* CVWrapper.h */ = {isa = PBXFileReference; fileEncoding = 4; lastKnownFileType = sourcecode.c.h; path = CVWrapper.h; sourceTree = "<group>"; };
		7D1323F41CE5616100440F4F /* CVWrapper.mm */ = {isa = PBXFileReference; fileEncoding = 4; lastKnownFileType = sourcecode.cpp.objcpp; path = CVWrapper.mm; sourceTree = "<group>"; };
		7D1323F61CE561C900440F4F /* UIImage+OpenCV.h */ = {isa = PBXFileReference; fileEncoding = 4; lastKnownFileType = sourcecode.c.h; path = "UIImage+OpenCV.h"; sourceTree = "<group>"; };
		7D1323F71CE561C900440F4F /* UIImage+OpenCV.mm */ = {isa = PBXFileReference; fileEncoding = 4; lastKnownFileType = sourcecode.cpp.objcpp; path = "UIImage+OpenCV.mm"; sourceTree = "<group>"; };
		7D1323F91CE5651100440F4F /* stitching.cpp */ = {isa = PBXFileReference; fileEncoding = 4; lastKnownFileType = sourcecode.cpp.cpp; path = stitching.cpp; sourceTree = "<group>"; };
		7D1323FA1CE5651100440F4F /* stitching.h */ = {isa = PBXFileReference; fileEncoding = 4; lastKnownFileType = sourcecode.c.h; path = stitching.h; sourceTree = "<group>"; };
		7D1323FC1CE56A6800440F4F /* EcoVision-Prefix.pch */ = {isa = PBXFileReference; fileEncoding = 4; lastKnownFileType = sourcecode.c.h; path = "EcoVision-Prefix.pch"; sourceTree = "<group>"; };
		7D1323FD1CE56BAC00440F4F /* AVFoundation.framework */ = {isa = PBXFileReference; lastKnownFileType = wrapper.framework; name = AVFoundation.framework; path = System/Library/Frameworks/AVFoundation.framework; sourceTree = SDKROOT; };
		7D1323FF1CE56BC300440F4F /* CoreMedia.framework */ = {isa = PBXFileReference; lastKnownFileType = wrapper.framework; name = CoreMedia.framework; path = System/Library/Frameworks/CoreMedia.framework; sourceTree = SDKROOT; };
		7D1324011CE56BCE00440F4F /* CoreVideo.framework */ = {isa = PBXFileReference; lastKnownFileType = wrapper.framework; name = CoreVideo.framework; path = System/Library/Frameworks/CoreVideo.framework; sourceTree = SDKROOT; };
		7D1324031CE56BD800440F4F /* ImageIO.framework */ = {isa = PBXFileReference; lastKnownFileType = wrapper.framework; name = ImageIO.framework; path = System/Library/Frameworks/ImageIO.framework; sourceTree = SDKROOT; };
		7D1324051CE56CA400440F4F /* opencv2.framework */ = {isa = PBXFileReference; lastKnownFileType = wrapper.framework; path = opencv2.framework; sourceTree = "<group>"; };
		7D1324081CE56ED300440F4F /* UIKit.framework */ = {isa = PBXFileReference; lastKnownFileType = wrapper.framework; name = UIKit.framework; path = System/Library/Frameworks/UIKit.framework; sourceTree = SDKROOT; };
		7D13240A1CE56EF600440F4F /* Foundation.framework */ = {isa = PBXFileReference; lastKnownFileType = wrapper.framework; name = Foundation.framework; path = System/Library/Frameworks/Foundation.framework; sourceTree = SDKROOT; };
		7D13240C1CE56F0500440F4F /* CoreGraphics.framework */ = {isa = PBXFileReference; lastKnownFileType = wrapper.framework; name = CoreGraphics.framework; path = System/Library/Frameworks/CoreGraphics.framework; sourceTree = SDKROOT; };
		7D2622C61CEF825B008E0F39 /* IMG_0040.JPG */ = {isa = PBXFileReference; lastKnownFileType = image.jpeg; name = IMG_0040.JPG; path = ../../IMG_0040.JPG; sourceTree = "<group>"; };
		7D2622CB1CEF95BB008E0F39 /* analysisViewController.h */ = {isa = PBXFileReference; fileEncoding = 4; lastKnownFileType = sourcecode.c.h; path = analysisViewController.h; sourceTree = "<group>"; };
		7D2622CC1CEF95BB008E0F39 /* analysisViewController.m */ = {isa = PBXFileReference; fileEncoding = 4; lastKnownFileType = sourcecode.c.objc; path = analysisViewController.m; sourceTree = "<group>"; };
		7D2622D11CEFCE51008E0F39 /* Swale.h */ = {isa = PBXFileReference; fileEncoding = 4; lastKnownFileType = sourcecode.c.h; path = Swale.h; sourceTree = "<group>"; };
		7D2622D21CEFCE51008E0F39 /* Swale.m */ = {isa = PBXFileReference; fileEncoding = 4; lastKnownFileType = sourcecode.c.objc; path = Swale.m; sourceTree = "<group>"; };
		7D2F30281D1B20C9007A9D1A /* dropDownTest.h */ = {isa = PBXFileReference; fileEncoding = 4; lastKnownFileType = sourcecode.c.h; path = dropDownTest.h; sourceTree = "<group>"; };
		7D2F30291D1B20C9007A9D1A /* dropDownTest.m */ = {isa = PBXFileReference; fileEncoding = 4; lastKnownFileType = sourcecode.c.objc; path = dropDownTest.m; sourceTree = "<group>"; };
		7D2F302E1D1DD7FB007A9D1A /* savedLocations.h */ = {isa = PBXFileReference; fileEncoding = 4; lastKnownFileType = sourcecode.c.h; path = savedLocations.h; sourceTree = "<group>"; };
		7D2F302F1D1DD7FB007A9D1A /* savedLocations.m */ = {isa = PBXFileReference; fileEncoding = 4; lastKnownFileType = sourcecode.c.objc; path = savedLocations.m; sourceTree = "<group>"; };
		7D2F30311D1DD83C007A9D1A /* HSVLocation.h */ = {isa = PBXFileReference; fileEncoding = 4; lastKnownFileType = sourcecode.c.h; path = HSVLocation.h; sourceTree = "<group>"; };
		7D2F30321D1DD83C007A9D1A /* HSVLocation.m */ = {isa = PBXFileReference; fileEncoding = 4; lastKnownFileType = sourcecode.c.objc; path = HSVLocation.m; sourceTree = "<group>"; };
		7D47450B1CED352500CDA2A7 /* IMG_0030.jpg */ = {isa = PBXFileReference; lastKnownFileType = image.jpeg; path = IMG_0030.jpg; sourceTree = "<group>"; };
		7D58FCD01CFD0D8D006E5A38 /* PermeablePaver.h */ = {isa = PBXFileReference; fileEncoding = 4; lastKnownFileType = sourcecode.c.h; path = PermeablePaver.h; sourceTree = "<group>"; };
		7D58FCD11CFD0D8D006E5A38 /* PermeablePaver.m */ = {isa = PBXFileReference; fileEncoding = 4; lastKnownFileType = sourcecode.c.objc; path = PermeablePaver.m; sourceTree = "<group>"; };
		7D73F7851D2B1D1700A70B41 /* saveColors.h */ = {isa = PBXFileReference; fileEncoding = 4; lastKnownFileType = sourcecode.c.h; path = saveColors.h; sourceTree = "<group>"; };
		7D73F7861D2B1D1700A70B41 /* saveColors.m */ = {isa = PBXFileReference; fileEncoding = 4; lastKnownFileType = sourcecode.c.objc; path = saveColors.m; sourceTree = "<group>"; };
		7D7835251CE1BBC0003CB313 /* Main.storyboard */ = {isa = PBXFileReference; fileEncoding = 4; lastKnownFileType = file.storyboard; path = Main.storyboard; sourceTree = "<group>"; };
		7D7D81F11CC53FF6004D8BC2 /* Trial_1.app */ = {isa = PBXFileReference; explicitFileType = wrapper.application; includeInIndex = 0; path = Trial_1.app; sourceTree = BUILT_PRODUCTS_DIR; };
		7D7D81F51CC53FF6004D8BC2 /* main.m */ = {isa = PBXFileReference; lastKnownFileType = sourcecode.c.objc; path = main.m; sourceTree = "<group>"; };
		7D7D81F71CC53FF6004D8BC2 /* AppDelegate.h */ = {isa = PBXFileReference; lastKnownFileType = sourcecode.c.h; path = AppDelegate.h; sourceTree = "<group>"; };
		7D7D81F81CC53FF6004D8BC2 /* AppDelegate.m */ = {isa = PBXFileReference; lastKnownFileType = sourcecode.c.objc; path = AppDelegate.m; sourceTree = "<group>"; };
		7D7D81FA1CC53FF6004D8BC2 /* ViewController.h */ = {isa = PBXFileReference; lastKnownFileType = sourcecode.c.h; path = ViewController.h; sourceTree = "<group>"; };
		7D7D81FB1CC53FF6004D8BC2 /* ViewController.m */ = {isa = PBXFileReference; lastKnownFileType = sourcecode.c.objc; path = ViewController.m; sourceTree = "<group>"; };
		7D7D82011CC53FF6004D8BC2 /* Trial_1.xcdatamodel */ = {isa = PBXFileReference; lastKnownFileType = wrapper.xcdatamodel; path = Trial_1.xcdatamodel; sourceTree = "<group>"; };
		7D7D82031CC53FF6004D8BC2 /* Assets.xcassets */ = {isa = PBXFileReference; lastKnownFileType = folder.assetcatalog; path = Assets.xcassets; sourceTree = "<group>"; };
		7D7D82061CC53FF6004D8BC2 /* Base */ = {isa = PBXFileReference; lastKnownFileType = file.storyboard; name = Base; path = Base.lproj/LaunchScreen.storyboard; sourceTree = "<group>"; };
		7D7D82081CC53FF6004D8BC2 /* Info.plist */ = {isa = PBXFileReference; lastKnownFileType = text.plist.xml; path = Info.plist; sourceTree = "<group>"; };
		7D7D820D1CC53FF6004D8BC2 /* Trial_1Tests.xctest */ = {isa = PBXFileReference; explicitFileType = wrapper.cfbundle; includeInIndex = 0; path = Trial_1Tests.xctest; sourceTree = BUILT_PRODUCTS_DIR; };
		7D7D82111CC53FF6004D8BC2 /* Trial_1Tests.m */ = {isa = PBXFileReference; lastKnownFileType = sourcecode.c.objc; path = Trial_1Tests.m; sourceTree = "<group>"; };
		7D7D82131CC53FF6004D8BC2 /* Info.plist */ = {isa = PBXFileReference; lastKnownFileType = text.plist.xml; path = Info.plist; sourceTree = "<group>"; };
		7D7D82181CC53FF6004D8BC2 /* Trial_1UITests.xctest */ = {isa = PBXFileReference; explicitFileType = wrapper.cfbundle; includeInIndex = 0; path = Trial_1UITests.xctest; sourceTree = BUILT_PRODUCTS_DIR; };
		7D7D821C1CC53FF6004D8BC2 /* Trial_1UITests.m */ = {isa = PBXFileReference; lastKnownFileType = sourcecode.c.objc; path = Trial_1UITests.m; sourceTree = "<group>"; };
		7D7D821E1CC53FF6004D8BC2 /* Info.plist */ = {isa = PBXFileReference; lastKnownFileType = text.plist.xml; path = Info.plist; sourceTree = "<group>"; };
		7DAFB4EA1CFDE28F00AC4204 /* RainBarrel.h */ = {isa = PBXFileReference; fileEncoding = 4; lastKnownFileType = sourcecode.c.h; path = RainBarrel.h; sourceTree = "<group>"; };
		7DAFB4EB1CFDE28F00AC4204 /* RainBarrel.m */ = {isa = PBXFileReference; fileEncoding = 4; lastKnownFileType = sourcecode.c.objc; path = RainBarrel.m; sourceTree = "<group>"; };
		7DC34F551CEA95900069C04F /* IMG_0001.jpg */ = {isa = PBXFileReference; lastKnownFileType = image.jpeg; path = IMG_0001.jpg; sourceTree = "<group>"; };
		7DC3E6B51CF9073500D0FCC0 /* GreenRoof.h */ = {isa = PBXFileReference; fileEncoding = 4; lastKnownFileType = sourcecode.c.h; path = GreenRoof.h; sourceTree = "<group>"; };
		7DC3E6B61CF9073500D0FCC0 /* GreenRoof.m */ = {isa = PBXFileReference; fileEncoding = 4; lastKnownFileType = sourcecode.c.objc; path = GreenRoof.m; sourceTree = "<group>"; };
		7DE7EEB61D00C1AF00724596 /* Coordinate.h */ = {isa = PBXFileReference; fileEncoding = 4; lastKnownFileType = sourcecode.c.h; path = Coordinate.h; sourceTree = "<group>"; };
		7DE7EEB71D00C1AF00724596 /* Coordinate.m */ = {isa = PBXFileReference; fileEncoding = 4; lastKnownFileType = sourcecode.c.objc; path = Coordinate.m; sourceTree = "<group>"; };
		7DFCA6131CE52BF8003262CC /* loginViewController.h */ = {isa = PBXFileReference; fileEncoding = 4; lastKnownFileType = sourcecode.c.h; path = loginViewController.h; sourceTree = "<group>"; };
		7DFCA6141CE52BF8003262CC /* loginViewController.m */ = {isa = PBXFileReference; fileEncoding = 4; lastKnownFileType = sourcecode.c.objc; path = loginViewController.m; sourceTree = "<group>"; };
		7DFCA6161CE53D85003262CC /* takeAPictureViewController.h */ = {isa = PBXFileReference; fileEncoding = 4; lastKnownFileType = sourcecode.c.h; path = takeAPictureViewController.h; sourceTree = "<group>"; };
		7DFCA6171CE53D85003262CC /* takeAPictureViewController.m */ = {isa = PBXFileReference; fileEncoding = 4; lastKnownFileType = sourcecode.c.objc; path = takeAPictureViewController.m; sourceTree = "<group>"; };
/* End PBXFileReference section */

/* Begin PBXFrameworksBuildPhase section */
		7D7D81EE1CC53FF6004D8BC2 /* Frameworks */ = {
			isa = PBXFrameworksBuildPhase;
			buildActionMask = 2147483647;
			files = (
				7D13240D1CE56F0500440F4F /* CoreGraphics.framework in Frameworks */,
				7D13240B1CE56EF600440F4F /* Foundation.framework in Frameworks */,
				7D1324091CE56ED300440F4F /* UIKit.framework in Frameworks */,
				7D1324061CE56CA400440F4F /* opencv2.framework in Frameworks */,
				7D1324041CE56BD800440F4F /* ImageIO.framework in Frameworks */,
				7D1324021CE56BCE00440F4F /* CoreVideo.framework in Frameworks */,
				7D1324001CE56BC300440F4F /* CoreMedia.framework in Frameworks */,
				7D1323FE1CE56BAC00440F4F /* AVFoundation.framework in Frameworks */,
			);
			runOnlyForDeploymentPostprocessing = 0;
		};
		7D7D820A1CC53FF6004D8BC2 /* Frameworks */ = {
			isa = PBXFrameworksBuildPhase;
			buildActionMask = 2147483647;
			files = (
			);
			runOnlyForDeploymentPostprocessing = 0;
		};
		7D7D82151CC53FF6004D8BC2 /* Frameworks */ = {
			isa = PBXFrameworksBuildPhase;
			buildActionMask = 2147483647;
			files = (
			);
			runOnlyForDeploymentPostprocessing = 0;
		};
/* End PBXFrameworksBuildPhase section */

/* Begin PBXGroup section */
		7D1324071CE56E4300440F4F /* Frameworks */ = {
			isa = PBXGroup;
			children = (
				7D13240C1CE56F0500440F4F /* CoreGraphics.framework */,
				7D13240A1CE56EF600440F4F /* Foundation.framework */,
				7D1324081CE56ED300440F4F /* UIKit.framework */,
				7D1324031CE56BD800440F4F /* ImageIO.framework */,
				7D1323FD1CE56BAC00440F4F /* AVFoundation.framework */,
				7D1324011CE56BCE00440F4F /* CoreVideo.framework */,
				7D1323FF1CE56BC300440F4F /* CoreMedia.framework */,
				7D1324051CE56CA400440F4F /* opencv2.framework */,
			);
			name = Frameworks;
			sourceTree = "<group>";
		};
		7D7D81E81CC53FF6004D8BC2 = {
			isa = PBXGroup;
			children = (
				7D1324071CE56E4300440F4F /* Frameworks */,
				7D7D81F31CC53FF6004D8BC2 /* Trial_1 */,
				7D7D82101CC53FF6004D8BC2 /* Trial_1Tests */,
				7D7D821B1CC53FF6004D8BC2 /* Trial_1UITests */,
				7D7D81F21CC53FF6004D8BC2 /* Products */,
			);
			sourceTree = "<group>";
		};
		7D7D81F21CC53FF6004D8BC2 /* Products */ = {
			isa = PBXGroup;
			children = (
				7D7D81F11CC53FF6004D8BC2 /* Trial_1.app */,
				7D7D820D1CC53FF6004D8BC2 /* Trial_1Tests.xctest */,
				7D7D82181CC53FF6004D8BC2 /* Trial_1UITests.xctest */,
			);
			name = Products;
			sourceTree = "<group>";
		};
		7D7D81F31CC53FF6004D8BC2 /* Trial_1 */ = {
			isa = PBXGroup;
			children = (
				7D7835251CE1BBC0003CB313 /* Main.storyboard */,
				7D7D81F71CC53FF6004D8BC2 /* AppDelegate.h */,
				7D7D81F81CC53FF6004D8BC2 /* AppDelegate.m */,
				7D7D81FA1CC53FF6004D8BC2 /* ViewController.h */,
				7D7D81FB1CC53FF6004D8BC2 /* ViewController.m */,
				7D2F30281D1B20C9007A9D1A /* dropDownTest.h */,
				7D2F30291D1B20C9007A9D1A /* dropDownTest.m */,
				7DFCA6131CE52BF8003262CC /* loginViewController.h */,
				7DFCA6141CE52BF8003262CC /* loginViewController.m */,
				7DFCA6161CE53D85003262CC /* takeAPictureViewController.h */,
				7DFCA6171CE53D85003262CC /* takeAPictureViewController.m */,
				7D2622CB1CEF95BB008E0F39 /* analysisViewController.h */,
				7D2622CC1CEF95BB008E0F39 /* analysisViewController.m */,
				7D2622D11CEFCE51008E0F39 /* Swale.h */,
				7D2622D21CEFCE51008E0F39 /* Swale.m */,
				7DC3E6B51CF9073500D0FCC0 /* GreenRoof.h */,
				7DC3E6B61CF9073500D0FCC0 /* GreenRoof.m */,
				7DAFB4EA1CFDE28F00AC4204 /* RainBarrel.h */,
				7DAFB4EB1CFDE28F00AC4204 /* RainBarrel.m */,
				7D58FCD01CFD0D8D006E5A38 /* PermeablePaver.h */,
				7D58FCD11CFD0D8D006E5A38 /* PermeablePaver.m */,
				7D73F7851D2B1D1700A70B41 /* saveColors.h */,
				7D73F7861D2B1D1700A70B41 /* saveColors.m */,
				7D1323F31CE5616100440F4F /* CVWrapper.h */,
				7D1323F41CE5616100440F4F /* CVWrapper.mm */,
				7DE7EEB61D00C1AF00724596 /* Coordinate.h */,
				7DE7EEB71D00C1AF00724596 /* Coordinate.m */,
				7D2F30311D1DD83C007A9D1A /* HSVLocation.h */,
				7D2F30321D1DD83C007A9D1A /* HSVLocation.m */,
				7D2F302E1D1DD7FB007A9D1A /* savedLocations.h */,
				7D2F302F1D1DD7FB007A9D1A /* savedLocations.m */,
				7D1323F61CE561C900440F4F /* UIImage+OpenCV.h */,
				7D1323F71CE561C900440F4F /* UIImage+OpenCV.mm */,
				7D1323FA1CE5651100440F4F /* stitching.h */,
				7D1323F91CE5651100440F4F /* stitching.cpp */,
				7D7D82031CC53FF6004D8BC2 /* Assets.xcassets */,
				7D7D82051CC53FF6004D8BC2 /* LaunchScreen.storyboard */,
				7D7D82081CC53FF6004D8BC2 /* Info.plist */,
				7D7D82001CC53FF6004D8BC2 /* Trial_1.xcdatamodeld */,
				7D7D81F41CC53FF6004D8BC2 /* Supporting Files */,
			);
			path = Trial_1;
			sourceTree = "<group>";
		};
		7D7D81F41CC53FF6004D8BC2 /* Supporting Files */ = {
			isa = PBXGroup;
			children = (
				7D2622C61CEF825B008E0F39 /* IMG_0040.JPG */,
				7D7D81F51CC53FF6004D8BC2 /* main.m */,
				7D47450B1CED352500CDA2A7 /* IMG_0030.jpg */,
				7DC34F551CEA95900069C04F /* IMG_0001.jpg */,
				7D1323FC1CE56A6800440F4F /* EcoVision-Prefix.pch */,
			);
			name = "Supporting Files";
			sourceTree = "<group>";
		};
		7D7D82101CC53FF6004D8BC2 /* Trial_1Tests */ = {
			isa = PBXGroup;
			children = (
				7D7D82111CC53FF6004D8BC2 /* Trial_1Tests.m */,
				7D7D82131CC53FF6004D8BC2 /* Info.plist */,
			);
			path = Trial_1Tests;
			sourceTree = "<group>";
		};
		7D7D821B1CC53FF6004D8BC2 /* Trial_1UITests */ = {
			isa = PBXGroup;
			children = (
				7D7D821C1CC53FF6004D8BC2 /* Trial_1UITests.m */,
				7D7D821E1CC53FF6004D8BC2 /* Info.plist */,
			);
			path = Trial_1UITests;
			sourceTree = "<group>";
		};
/* End PBXGroup section */

/* Begin PBXNativeTarget section */
		7D7D81F01CC53FF6004D8BC2 /* Trial_1 */ = {
			isa = PBXNativeTarget;
			buildConfigurationList = 7D7D82211CC53FF6004D8BC2 /* Build configuration list for PBXNativeTarget "Trial_1" */;
			buildPhases = (
				7D7D81ED1CC53FF6004D8BC2 /* Sources */,
				7D7D81EE1CC53FF6004D8BC2 /* Frameworks */,
				7D7D81EF1CC53FF6004D8BC2 /* Resources */,
			);
			buildRules = (
			);
			dependencies = (
			);
			name = Trial_1;
			productName = Trial_1;
			productReference = 7D7D81F11CC53FF6004D8BC2 /* Trial_1.app */;
			productType = "com.apple.product-type.application";
		};
		7D7D820C1CC53FF6004D8BC2 /* Trial_1Tests */ = {
			isa = PBXNativeTarget;
			buildConfigurationList = 7D7D82241CC53FF6004D8BC2 /* Build configuration list for PBXNativeTarget "Trial_1Tests" */;
			buildPhases = (
				7D7D82091CC53FF6004D8BC2 /* Sources */,
				7D7D820A1CC53FF6004D8BC2 /* Frameworks */,
				7D7D820B1CC53FF6004D8BC2 /* Resources */,
			);
			buildRules = (
			);
			dependencies = (
				7D7D820F1CC53FF6004D8BC2 /* PBXTargetDependency */,
			);
			name = Trial_1Tests;
			productName = Trial_1Tests;
			productReference = 7D7D820D1CC53FF6004D8BC2 /* Trial_1Tests.xctest */;
			productType = "com.apple.product-type.bundle.unit-test";
		};
		7D7D82171CC53FF6004D8BC2 /* Trial_1UITests */ = {
			isa = PBXNativeTarget;
			buildConfigurationList = 7D7D82271CC53FF6004D8BC2 /* Build configuration list for PBXNativeTarget "Trial_1UITests" */;
			buildPhases = (
				7D7D82141CC53FF6004D8BC2 /* Sources */,
				7D7D82151CC53FF6004D8BC2 /* Frameworks */,
				7D7D82161CC53FF6004D8BC2 /* Resources */,
			);
			buildRules = (
			);
			dependencies = (
				7D7D821A1CC53FF6004D8BC2 /* PBXTargetDependency */,
			);
			name = Trial_1UITests;
			productName = Trial_1UITests;
			productReference = 7D7D82181CC53FF6004D8BC2 /* Trial_1UITests.xctest */;
			productType = "com.apple.product-type.bundle.ui-testing";
		};
/* End PBXNativeTarget section */

/* Begin PBXProject section */
		7D7D81E91CC53FF6004D8BC2 /* Project object */ = {
			isa = PBXProject;
			attributes = {
				LastUpgradeCheck = 0730;
				ORGANIZATIONNAME = "Jamie Auza";
				TargetAttributes = {
					7D7D81F01CC53FF6004D8BC2 = {
						CreatedOnToolsVersion = 7.3;
						DevelopmentTeam = F554V774C5;
					};
					7D7D820C1CC53FF6004D8BC2 = {
						CreatedOnToolsVersion = 7.3;
						TestTargetID = 7D7D81F01CC53FF6004D8BC2;
					};
					7D7D82171CC53FF6004D8BC2 = {
						CreatedOnToolsVersion = 7.3;
						TestTargetID = 7D7D81F01CC53FF6004D8BC2;
					};
				};
			};
			buildConfigurationList = 7D7D81EC1CC53FF6004D8BC2 /* Build configuration list for PBXProject "Trial_1" */;
			compatibilityVersion = "Xcode 3.2";
			developmentRegion = English;
			hasScannedForEncodings = 0;
			knownRegions = (
				en,
				Base,
			);
			mainGroup = 7D7D81E81CC53FF6004D8BC2;
			productRefGroup = 7D7D81F21CC53FF6004D8BC2 /* Products */;
			projectDirPath = "";
			projectRoot = "";
			targets = (
				7D7D81F01CC53FF6004D8BC2 /* Trial_1 */,
				7D7D820C1CC53FF6004D8BC2 /* Trial_1Tests */,
				7D7D82171CC53FF6004D8BC2 /* Trial_1UITests */,
			);
		};
/* End PBXProject section */

/* Begin PBXResourcesBuildPhase section */
		7D7D81EF1CC53FF6004D8BC2 /* Resources */ = {
			isa = PBXResourcesBuildPhase;
			buildActionMask = 2147483647;
			files = (
				7DC34F561CEA95900069C04F /* IMG_0001.jpg in Resources */,
				7D47450C1CED352500CDA2A7 /* IMG_0030.jpg in Resources */,
				7D7835261CE1BBC0003CB313 /* Main.storyboard in Resources */,
				7D2622C71CEF825B008E0F39 /* IMG_0040.JPG in Resources */,
				7D7D82071CC53FF6004D8BC2 /* LaunchScreen.storyboard in Resources */,
				7D7D82041CC53FF6004D8BC2 /* Assets.xcassets in Resources */,
			);
			runOnlyForDeploymentPostprocessing = 0;
		};
		7D7D820B1CC53FF6004D8BC2 /* Resources */ = {
			isa = PBXResourcesBuildPhase;
			buildActionMask = 2147483647;
			files = (
			);
			runOnlyForDeploymentPostprocessing = 0;
		};
		7D7D82161CC53FF6004D8BC2 /* Resources */ = {
			isa = PBXResourcesBuildPhase;
			buildActionMask = 2147483647;
			files = (
			);
			runOnlyForDeploymentPostprocessing = 0;
		};
/* End PBXResourcesBuildPhase section */

/* Begin PBXSourcesBuildPhase section */
		7D7D81ED1CC53FF6004D8BC2 /* Sources */ = {
			isa = PBXSourcesBuildPhase;
			buildActionMask = 2147483647;
			files = (
				7D7D82021CC53FF6004D8BC2 /* Trial_1.xcdatamodeld in Sources */,
				7D2622D31CEFCE51008E0F39 /* Swale.m in Sources */,
				7D1323FB1CE5651100440F4F /* stitching.cpp in Sources */,
				7D2F30301D1DD7FB007A9D1A /* savedLocations.m in Sources */,
				7D73F7871D2B1D1700A70B41 /* saveColors.m in Sources */,
				7D2F30331D1DD83C007A9D1A /* HSVLocation.m in Sources */,
				7D1323F81CE561C900440F4F /* UIImage+OpenCV.mm in Sources */,
				7D7D81FC1CC53FF6004D8BC2 /* ViewController.m in Sources */,
				7DC3E6B71CF9073500D0FCC0 /* GreenRoof.m in Sources */,
				7D2F302A1D1B20C9007A9D1A /* dropDownTest.m in Sources */,
				7DAFB4EC1CFDE28F00AC4204 /* RainBarrel.m in Sources */,
				7D2622CD1CEF95BB008E0F39 /* analysisViewController.m in Sources */,
				7DFCA6151CE52BF8003262CC /* loginViewController.m in Sources */,
				7DFCA6181CE53D85003262CC /* takeAPictureViewController.m in Sources */,
				7D58FCD21CFD0D8D006E5A38 /* PermeablePaver.m in Sources */,
				7D7D81F91CC53FF6004D8BC2 /* AppDelegate.m in Sources */,
				7D1323F51CE5616100440F4F /* CVWrapper.mm in Sources */,
				7DE7EEB81D00C1AF00724596 /* Coordinate.m in Sources */,
				7D7D81F61CC53FF6004D8BC2 /* main.m in Sources */,
			);
			runOnlyForDeploymentPostprocessing = 0;
		};
		7D7D82091CC53FF6004D8BC2 /* Sources */ = {
			isa = PBXSourcesBuildPhase;
			buildActionMask = 2147483647;
			files = (
				7D7D82121CC53FF6004D8BC2 /* Trial_1Tests.m in Sources */,
			);
			runOnlyForDeploymentPostprocessing = 0;
		};
		7D7D82141CC53FF6004D8BC2 /* Sources */ = {
			isa = PBXSourcesBuildPhase;
			buildActionMask = 2147483647;
			files = (
				7D7D821D1CC53FF6004D8BC2 /* Trial_1UITests.m in Sources */,
			);
			runOnlyForDeploymentPostprocessing = 0;
		};
/* End PBXSourcesBuildPhase section */

/* Begin PBXTargetDependency section */
		7D7D820F1CC53FF6004D8BC2 /* PBXTargetDependency */ = {
			isa = PBXTargetDependency;
			target = 7D7D81F01CC53FF6004D8BC2 /* Trial_1 */;
			targetProxy = 7D7D820E1CC53FF6004D8BC2 /* PBXContainerItemProxy */;
		};
		7D7D821A1CC53FF6004D8BC2 /* PBXTargetDependency */ = {
			isa = PBXTargetDependency;
			target = 7D7D81F01CC53FF6004D8BC2 /* Trial_1 */;
			targetProxy = 7D7D82191CC53FF6004D8BC2 /* PBXContainerItemProxy */;
		};
/* End PBXTargetDependency section */

/* Begin PBXVariantGroup section */
		7D7D82051CC53FF6004D8BC2 /* LaunchScreen.storyboard */ = {
			isa = PBXVariantGroup;
			children = (
				7D7D82061CC53FF6004D8BC2 /* Base */,
			);
			name = LaunchScreen.storyboard;
			sourceTree = "<group>";
		};
/* End PBXVariantGroup section */

/* Begin XCBuildConfiguration section */
		7D7D821F1CC53FF6004D8BC2 /* Debug */ = {
			isa = XCBuildConfiguration;
			buildSettings = {
				ALWAYS_SEARCH_USER_PATHS = NO;
				CLANG_ANALYZER_NONNULL = YES;
				CLANG_CXX_LANGUAGE_STANDARD = "gnu++0x";
				CLANG_CXX_LIBRARY = "libc++";
				CLANG_ENABLE_MODULES = YES;
				CLANG_ENABLE_OBJC_ARC = YES;
				CLANG_WARN_BOOL_CONVERSION = YES;
				CLANG_WARN_CONSTANT_CONVERSION = YES;
				CLANG_WARN_DIRECT_OBJC_ISA_USAGE = YES_ERROR;
				CLANG_WARN_EMPTY_BODY = YES;
				CLANG_WARN_ENUM_CONVERSION = YES;
				CLANG_WARN_INT_CONVERSION = YES;
				CLANG_WARN_OBJC_ROOT_CLASS = YES_ERROR;
				CLANG_WARN_UNREACHABLE_CODE = YES;
				CLANG_WARN__DUPLICATE_METHOD_MATCH = YES;
				CODE_SIGN_IDENTITY = "iPhone Developer";
				"CODE_SIGN_IDENTITY[sdk=iphoneos*]" = "iPhone Developer";
				COPY_PHASE_STRIP = NO;
				DEBUG_INFORMATION_FORMAT = dwarf;
				ENABLE_STRICT_OBJC_MSGSEND = YES;
				ENABLE_TESTABILITY = YES;
				GCC_C_LANGUAGE_STANDARD = gnu99;
				GCC_DYNAMIC_NO_PIC = NO;
				GCC_NO_COMMON_BLOCKS = YES;
				GCC_OPTIMIZATION_LEVEL = 0;
				GCC_PREPROCESSOR_DEFINITIONS = (
					"DEBUG=1",
					"$(inherited)",
				);
				GCC_WARN_64_TO_32_BIT_CONVERSION = YES;
				GCC_WARN_ABOUT_RETURN_TYPE = YES_ERROR;
				GCC_WARN_UNDECLARED_SELECTOR = YES;
				GCC_WARN_UNINITIALIZED_AUTOS = YES_AGGRESSIVE;
				GCC_WARN_UNUSED_FUNCTION = YES;
				GCC_WARN_UNUSED_VARIABLE = YES;
				IPHONEOS_DEPLOYMENT_TARGET = 8.3;
				MTL_ENABLE_DEBUG_INFO = YES;
				ONLY_ACTIVE_ARCH = YES;
				SDKROOT = iphoneos;
				TARGETED_DEVICE_FAMILY = 2;
			};
			name = Debug;
		};
		7D7D82201CC53FF6004D8BC2 /* Release */ = {
			isa = XCBuildConfiguration;
			buildSettings = {
				ALWAYS_SEARCH_USER_PATHS = NO;
				CLANG_ANALYZER_NONNULL = YES;
				CLANG_CXX_LANGUAGE_STANDARD = "gnu++0x";
				CLANG_CXX_LIBRARY = "libc++";
				CLANG_ENABLE_MODULES = YES;
				CLANG_ENABLE_OBJC_ARC = YES;
				CLANG_WARN_BOOL_CONVERSION = YES;
				CLANG_WARN_CONSTANT_CONVERSION = YES;
				CLANG_WARN_DIRECT_OBJC_ISA_USAGE = YES_ERROR;
				CLANG_WARN_EMPTY_BODY = YES;
				CLANG_WARN_ENUM_CONVERSION = YES;
				CLANG_WARN_INT_CONVERSION = YES;
				CLANG_WARN_OBJC_ROOT_CLASS = YES_ERROR;
				CLANG_WARN_UNREACHABLE_CODE = YES;
				CLANG_WARN__DUPLICATE_METHOD_MATCH = YES;
				CODE_SIGN_IDENTITY = "iPhone Developer";
				"CODE_SIGN_IDENTITY[sdk=iphoneos*]" = "iPhone Developer";
				COPY_PHASE_STRIP = NO;
				DEBUG_INFORMATION_FORMAT = "dwarf-with-dsym";
				ENABLE_NS_ASSERTIONS = NO;
				ENABLE_STRICT_OBJC_MSGSEND = YES;
				GCC_C_LANGUAGE_STANDARD = gnu99;
				GCC_NO_COMMON_BLOCKS = YES;
				GCC_WARN_64_TO_32_BIT_CONVERSION = YES;
				GCC_WARN_ABOUT_RETURN_TYPE = YES_ERROR;
				GCC_WARN_UNDECLARED_SELECTOR = YES;
				GCC_WARN_UNINITIALIZED_AUTOS = YES_AGGRESSIVE;
				GCC_WARN_UNUSED_FUNCTION = YES;
				GCC_WARN_UNUSED_VARIABLE = YES;
				IPHONEOS_DEPLOYMENT_TARGET = 8.3;
				MTL_ENABLE_DEBUG_INFO = NO;
				SDKROOT = iphoneos;
				TARGETED_DEVICE_FAMILY = 2;
				VALIDATE_PRODUCT = YES;
			};
			name = Release;
		};
		7D7D82221CC53FF6004D8BC2 /* Debug */ = {
			isa = XCBuildConfiguration;
			buildSettings = {
				ASSETCATALOG_COMPILER_APPICON_NAME = AppIcon;
				CODE_SIGN_IDENTITY = "iPhone Developer";
				"CODE_SIGN_IDENTITY[sdk=iphoneos*]" = "iPhone Developer";
				ENABLE_BITCODE = NO;
				FRAMEWORK_SEARCH_PATHS = (
					"$(inherited)",
					"$(PROJECT_DIR)",
				);
				GCC_PRECOMPILE_PREFIX_HEADER = YES;
				GCC_PREFIX_HEADER = "Trial_1/EcoVision-Prefix.pch";
				INFOPLIST_FILE = Trial_1/Info.plist;
				LD_RUNPATH_SEARCH_PATHS = "$(inherited) @executable_path/Frameworks";
				PRODUCT_BUNDLE_IDENTIFIER = "Jamie-Auza.Trial-1";
				PRODUCT_NAME = "$(TARGET_NAME)";
				PROVISIONING_PROFILE = "";
			};
			name = Debug;
		};
		7D7D82231CC53FF6004D8BC2 /* Release */ = {
			isa = XCBuildConfiguration;
			buildSettings = {
				ASSETCATALOG_COMPILER_APPICON_NAME = AppIcon;
				CODE_SIGN_IDENTITY = "iPhone Developer";
				"CODE_SIGN_IDENTITY[sdk=iphoneos*]" = "iPhone Developer";
				ENABLE_BITCODE = NO;
				FRAMEWORK_SEARCH_PATHS = (
					"$(inherited)",
					"$(PROJECT_DIR)",
				);
				GCC_PRECOMPILE_PREFIX_HEADER = YES;
				GCC_PREFIX_HEADER = "Trial_1/EcoVision-Prefix.pch";
				INFOPLIST_FILE = Trial_1/Info.plist;
				LD_RUNPATH_SEARCH_PATHS = "$(inherited) @executable_path/Frameworks";
				PRODUCT_BUNDLE_IDENTIFIER = "Jamie-Auza.Trial-1";
				PRODUCT_NAME = "$(TARGET_NAME)";
				PROVISIONING_PROFILE = "";
			};
			name = Release;
		};
		7D7D82251CC53FF6004D8BC2 /* Debug */ = {
			isa = XCBuildConfiguration;
			buildSettings = {
				BUNDLE_LOADER = "$(TEST_HOST)";
				INFOPLIST_FILE = Trial_1Tests/Info.plist;
				LD_RUNPATH_SEARCH_PATHS = "$(inherited) @executable_path/Frameworks @loader_path/Frameworks";
				PRODUCT_BUNDLE_IDENTIFIER = "Jamie-Auza.Trial-1Tests";
				PRODUCT_NAME = "$(TARGET_NAME)";
				TEST_HOST = "$(BUILT_PRODUCTS_DIR)/Trial_1.app/Trial_1";
			};
			name = Debug;
		};
		7D7D82261CC53FF6004D8BC2 /* Release */ = {
			isa = XCBuildConfiguration;
			buildSettings = {
				BUNDLE_LOADER = "$(TEST_HOST)";
				INFOPLIST_FILE = Trial_1Tests/Info.plist;
				LD_RUNPATH_SEARCH_PATHS = "$(inherited) @executable_path/Frameworks @loader_path/Frameworks";
				PRODUCT_BUNDLE_IDENTIFIER = "Jamie-Auza.Trial-1Tests";
				PRODUCT_NAME = "$(TARGET_NAME)";
				TEST_HOST = "$(BUILT_PRODUCTS_DIR)/Trial_1.app/Trial_1";
			};
			name = Release;
		};
		7D7D82281CC53FF6004D8BC2 /* Debug */ = {
			isa = XCBuildConfiguration;
			buildSettings = {
				INFOPLIST_FILE = Trial_1UITests/Info.plist;
				LD_RUNPATH_SEARCH_PATHS = "$(inherited) @executable_path/Frameworks @loader_path/Frameworks";
				PRODUCT_BUNDLE_IDENTIFIER = "Jamie-Auza.Trial-1UITests";
				PRODUCT_NAME = "$(TARGET_NAME)";
				TEST_TARGET_NAME = Trial_1;
			};
			name = Debug;
		};
		7D7D82291CC53FF6004D8BC2 /* Release */ = {
			isa = XCBuildConfiguration;
			buildSettings = {
				INFOPLIST_FILE = Trial_1UITests/Info.plist;
				LD_RUNPATH_SEARCH_PATHS = "$(inherited) @executable_path/Frameworks @loader_path/Frameworks";
				PRODUCT_BUNDLE_IDENTIFIER = "Jamie-Auza.Trial-1UITests";
				PRODUCT_NAME = "$(TARGET_NAME)";
				TEST_TARGET_NAME = Trial_1;
			};
			name = Release;
		};
/* End XCBuildConfiguration section */

/* Begin XCConfigurationList section */
		7D7D81EC1CC53FF6004D8BC2 /* Build configuration list for PBXProject "Trial_1" */ = {
			isa = XCConfigurationList;
			buildConfigurations = (
				7D7D821F1CC53FF6004D8BC2 /* Debug */,
				7D7D82201CC53FF6004D8BC2 /* Release */,
			);
			defaultConfigurationIsVisible = 0;
			defaultConfigurationName = Release;
		};
		7D7D82211CC53FF6004D8BC2 /* Build configuration list for PBXNativeTarget "Trial_1" */ = {
			isa = XCConfigurationList;
			buildConfigurations = (
				7D7D82221CC53FF6004D8BC2 /* Debug */,
				7D7D82231CC53FF6004D8BC2 /* Release */,
			);
			defaultConfigurationIsVisible = 0;
			defaultConfigurationName = Release;
		};
		7D7D82241CC53FF6004D8BC2 /* Build configuration list for PBXNativeTarget "Trial_1Tests" */ = {
			isa = XCConfigurationList;
			buildConfigurations = (
				7D7D82251CC53FF6004D8BC2 /* Debug */,
				7D7D82261CC53FF6004D8BC2 /* Release */,
			);
			defaultConfigurationIsVisible = 0;
			defaultConfigurationName = Release;
		};
		7D7D82271CC53FF6004D8BC2 /* Build configuration list for PBXNativeTarget "Trial_1UITests" */ = {
			isa = XCConfigurationList;
			buildConfigurations = (
				7D7D82281CC53FF6004D8BC2 /* Debug */,
				7D7D82291CC53FF6004D8BC2 /* Release */,
			);
			defaultConfigurationIsVisible = 0;
			defaultConfigurationName = Release;
		};
/* End XCConfigurationList section */

/* Begin XCVersionGroup section */
		7D7D82001CC53FF6004D8BC2 /* Trial_1.xcdatamodeld */ = {
			isa = XCVersionGroup;
			children = (
				7D7D82011CC53FF6004D8BC2 /* Trial_1.xcdatamodel */,
			);
			currentVersion = 7D7D82011CC53FF6004D8BC2 /* Trial_1.xcdatamodel */;
			path = Trial_1.xcdatamodeld;
			sourceTree = "<group>";
			versionGroupType = wrapper.xcdatamodel;
		};
/* End XCVersionGroup section */
	};
	rootObject = 7D7D81E91CC53FF6004D8BC2 /* Project object */;
}
